
Microsoft Visual Studio Solution File, Format Version 12.00
# Visual Studio 15
VisualStudioVersion = 15.0.28307.539
MinimumVisualStudioVersion = 10.0.40219.1
Project("{FAE04EC0-301F-11D3-BF4B-00C04F79EFBC}") = "Crawler.Config", "Crawler.Config\Crawler.Config.csproj", "{FE6F849F-9D56-4721-8545-698AA4834B51}"
EndProject
Project("{FAE04EC0-301F-11D3-BF4B-00C04F79EFBC}") = "Crawler.Business", "Crawler.Business\Crawler.Business.csproj", "{A2AB6F9E-D776-4935-8C8B-66AF711AC341}"
EndProject
Project("{FAE04EC0-301F-11D3-BF4B-00C04F79EFBC}") = "Crawler.Data", "Crawler.Data\Crawler.Data.csproj", "{B4CF0387-D2A7-49C7-895A-0299B609E010}"
EndProject
Project("{FAE04EC0-301F-11D3-BF4B-00C04F79EFBC}") = "Crawler.Model", "Crawler.Model\Crawler.Model.csproj", "{6220E93A-5A70-459D-85E7-9B8A9B9790FD}"
EndProject
Project("{FAE04EC0-301F-11D3-BF4B-00C04F79EFBC}") = "Crawler.Web", "Crawler.Web\Crawler.Web.csproj", "{2104D064-C2AE-4FCF-9A12-0DAD5417A3F6}"
EndProject
Global
	GlobalSection(SolutionConfigurationPlatforms) = preSolution
		Debug|Any CPU = Debug|Any CPU
		Release|Any CPU = Release|Any CPU
	EndGlobalSection
	GlobalSection(ProjectConfigurationPlatforms) = postSolution
		{FE6F849F-9D56-4721-8545-698AA4834B51}.Debug|Any CPU.ActiveCfg = Debug|Any CPU
		{FE6F849F-9D56-4721-8545-698AA4834B51}.Debug|Any CPU.Build.0 = Debug|Any CPU
		{FE6F849F-9D56-4721-8545-698AA4834B51}.Release|Any CPU.ActiveCfg = Release|Any CPU
		{FE6F849F-9D56-4721-8545-698AA4834B51}.Release|Any CPU.Build.0 = Release|Any CPU
		{A2AB6F9E-D776-4935-8C8B-66AF711AC341}.Debug|Any CPU.ActiveCfg = Debug|Any CPU
		{A2AB6F9E-D776-4935-8C8B-66AF711AC341}.Debug|Any CPU.Build.0 = Debug|Any CPU
		{A2AB6F9E-D776-4935-8C8B-66AF711AC341}.Release|Any CPU.ActiveCfg = Release|Any CPU
		{A2AB6F9E-D776-4935-8C8B-66AF711AC341}.Release|Any CPU.Build.0 = Release|Any CPU
		{B4CF0387-D2A7-49C7-895A-0299B609E010}.Debug|Any CPU.ActiveCfg = Debug|Any CPU
		{B4CF0387-D2A7-49C7-895A-0299B609E010}.Debug|Any CPU.Build.0 = Debug|Any CPU
		{B4CF0387-D2A7-49C7-895A-0299B609E010}.Release|Any CPU.ActiveCfg = Release|Any CPU
		{B4CF0387-D2A7-49C7-895A-0299B609E010}.Release|Any CPU.Build.0 = Release|Any CPU
		{6220E93A-5A70-459D-85E7-9B8A9B9790FD}.Debug|Any CPU.ActiveCfg = Debug|Any CPU
		{6220E93A-5A70-459D-85E7-9B8A9B9790FD}.Debug|Any CPU.Build.0 = Debug|Any CPU
		{6220E93A-5A70-459D-85E7-9B8A9B9790FD}.Release|Any CPU.ActiveCfg = Release|Any CPU
		{6220E93A-5A70-459D-85E7-9B8A9B9790FD}.Release|Any CPU.Build.0 = Release|Any CPU
		{2104D064-C2AE-4FCF-9A12-0DAD5417A3F6}.Debug|Any CPU.ActiveCfg = Debug|Any CPU
		{2104D064-C2AE-4FCF-9A12-0DAD5417A3F6}.Debug|Any CPU.Build.0 = Debug|Any CPU
		{2104D064-C2AE-4FCF-9A12-0DAD5417A3F6}.Release|Any CPU.ActiveCfg = Release|Any CPU
		{2104D064-C2AE-4FCF-9A12-0DAD5417A3F6}.Release|Any CPU.Build.0 = Release|Any CPU
	EndGlobalSection
	GlobalSection(SolutionProperties) = preSolution
		HideSolutionNode = FALSE
	EndGlobalSection
	GlobalSection(ExtensibilityGlobals) = postSolution
		SolutionGuid = {57AC22E9-BA7B-479E-8B7E-3BDDC81771A0}
	EndGlobalSection
EndGlobal
